<?xml version="1.0" encoding="utf-8"?>
<Project ToolsVersion="4.0" xmlns="http://schemas.microsoft.com/developer/msbuild/2003">
  <ItemGroup>
    <Filter Include="Quelldateien">
      <UniqueIdentifier>{4FC737F1-C7A5-4376-A066-2A32D752A2FF}</UniqueIdentifier>
      <Extensions>cpp;c;cc;cxx;c++;cppm;ixx;def;odl;idl;hpj;bat;asm;asmx</Extensions>
    </Filter>
    <Filter Include="Headerdateien">
      <UniqueIdentifier>{93995380-89BD-4b04-88EB-625FBE52EBFB}</UniqueIdentifier>
      <Extensions>h;hh;hpp;hxx;h++;hm;inl;inc;ipp;xsd</Extensions>
    </Filter>
    <Filter Include="Ressourcendateien">
      <UniqueIdentifier>{67DA6AB6-F800-4c08-8B7A-83BB121AAD01}</UniqueIdentifier>
      <Extensions>rc;ico;cur;bmp;dlg;rc2;rct;bin;rgs;gif;jpg;jpeg;jpe;resx;tiff;tif;png;wav;mfcribbon-ms</Extensions>
    </Filter>
    <Filter Include="Quelldateien\Classes">
      <UniqueIdentifier>{18ee1eaf-4593-4d3a-8082-76934eaf1354}</UniqueIdentifier>
    </Filter>
    <Filter Include="Quelldateien\Classes\Creature">
      <UniqueIdentifier>{ce88e082-510c-4c94-907b-86c796eec20a}</UniqueIdentifier>
    </Filter>
    <Filter Include="Quelldateien\Classes\Creature\Creature_Attributes">
      <UniqueIdentifier>{f1d449f4-d1bf-47c7-99c7-65e32c8f8815}</UniqueIdentifier>
    </Filter>
    <Filter Include="Quelldateien\Classes\File Management">
      <UniqueIdentifier>{0b9c6080-bc44-468a-97b7-94cdbac7b879}</UniqueIdentifier>
    </Filter>
    <Filter Include="Quelldateien\Classes\Level Structure">
      <UniqueIdentifier>{6f3d7ff6-af45-4451-918c-c86874cf7e9e}</UniqueIdentifier>
    </Filter>
    <Filter Include="Quelldateien\Classes\Questing and Requirements">
      <UniqueIdentifier>{da89f18b-4472-4be0-be1a-c4d9c0ba4482}</UniqueIdentifier>
    </Filter>
    <Filter Include="Quelldateien\Classes\Game Loop and processing">
      <UniqueIdentifier>{c66e8ae8-a07f-4f61-8aa2-c81104adbc74}</UniqueIdentifier>
    </Filter>
  </ItemGroup>
  <ItemGroup>
    <ClCompile Include="mainOLD.cpp">
      <Filter>Quelldateien</Filter>
    </ClCompile>
    <ClCompile Include="Kreatur.cpp">
      <Filter>Quelldateien\Classes\Creature</Filter>
    </ClCompile>
    <ClCompile Include="Eigenschaften.cpp">
      <Filter>Quelldateien\Classes\Creature\Creature_Attributes</Filter>
    </ClCompile>
    <ClCompile Include="Talente.cpp">
      <Filter>Quelldateien\Classes\Creature\Creature_Attributes</Filter>
    </ClCompile>
    <ClCompile Include="Zauber.cpp">
      <Filter>Quelldateien\Classes\Creature\Creature_Attributes</Filter>
    </ClCompile>
    <ClCompile Include="Inventar.cpp">
      <Filter>Quelldateien\Classes\Creature</Filter>
    </ClCompile>
    <ClCompile Include="Basiswerte.cpp">
      <Filter>Quelldateien\Classes\Creature\Creature_Attributes</Filter>
    </ClCompile>
    <ClCompile Include="FileManagement.cpp">
      <Filter>Quelldateien\Classes\File Management</Filter>
    </ClCompile>
    <ClCompile Include="Optionsloader.cpp">
      <Filter>Quelldateien\Classes\File Management</Filter>
    </ClCompile>
    <ClCompile Include="Environment.cpp">
      <Filter>Quelldateien\Classes\Level Structure</Filter>
    </ClCompile>
    <ClCompile Include="RenderObject.cpp">
      <Filter>Quelldateien\Classes\Level Structure</Filter>
    </ClCompile>
    <ClCompile Include="Quest.cpp">
      <Filter>Quelldateien\Classes\Questing and Requirements</Filter>
    </ClCompile>
    <ClCompile Include="Savegame.cpp">
      <Filter>Quelldateien\Classes\File Management</Filter>
    </ClCompile>
    <ClCompile Include="interactionRequirement.cpp">
      <Filter>Quelldateien\Classes\Questing and Requirements</Filter>
    </ClCompile>
    <ClCompile Include="NamenKonventionen.cpp">
      <Filter>Quelldateien</Filter>
    </ClCompile>
    <ClCompile Include="Renderer.cpp">
      <Filter>Quelldateien\Classes</Filter>
    </ClCompile>
    <ClCompile Include="main.cpp">
      <Filter>Quelldateien</Filter>
    </ClCompile>
    <ClCompile Include="Time.cpp">
      <Filter>Quelldateien\Classes</Filter>
    </ClCompile>
    <ClCompile Include="MoveRuleSet.cpp">
      <Filter>Quelldateien\Classes\Level Structure</Filter>
    </ClCompile>
    <ClCompile Include="JSONHandler.cpp">
      <Filter>Quelldateien\Classes\Game Loop and processing</Filter>
    </ClCompile>
    <ClCompile Include="StringHandler.cpp">
      <Filter>Quelldateien\Classes\Game Loop and processing</Filter>
    </ClCompile>
    <ClCompile Include="Calculator.cpp">
      <Filter>Quelldateien\Classes\Game Loop and processing</Filter>
    </ClCompile>
    <ClCompile Include="GameLoop.cpp">
      <Filter>Quelldateien\Classes\Game Loop and processing</Filter>
    </ClCompile>
  </ItemGroup>
</Project>